
Microsoft Visual Studio Solution File, Format Version 12.00
# Visual Studio 15
VisualStudioVersion = 15.0.28307.271
MinimumVisualStudioVersion = 10.0.40219.1
Project("{FAE04EC0-301F-11D3-BF4B-00C04F79EFBC}") = "Stocker", "Stocker\Stocker.csproj", "{34BC49AC-9F10-48EC-A496-BC59E2B09531}"
EndProject
Global
	GlobalSection(SolutionConfigurationPlatforms) = preSolution
		Debug|Any CPU = Debug|Any CPU
		Release|Any CPU = Release|Any CPU
	EndGlobalSection
	GlobalSection(ProjectConfigurationPlatforms) = postSolution
		{34BC49AC-9F10-48EC-A496-BC59E2B09531}.Debug|Any CPU.ActiveCfg = Debug|Any CPU
		{34BC49AC-9F10-48EC-A496-BC59E2B09531}.Debug|Any CPU.Build.0 = Debug|Any CPU
		{34BC49AC-9F10-48EC-A496-BC59E2B09531}.Release|Any CPU.ActiveCfg = Release|Any CPU
		{34BC49AC-9F10-48EC-A496-BC59E2B09531}.Release|Any CPU.Build.0 = Release|Any CPU
	EndGlobalSection
	GlobalSection(SolutionProperties) = preSolution
		HideSolutionNode = FALSE
	EndGlobalSection
	GlobalSection(ExtensibilityGlobals) = postSolution
		SolutionGuid = {0E676CA1-2C61-49A9-A2FB-C19FAF46934A}
	EndGlobalSection
EndGlobal
